
Microsoft Visual Studio Solution File, Format Version 12.00
# Visual Studio Version 16
VisualStudioVersion = 16.0.29613.14
MinimumVisualStudioVersion = 10.0.40219.1
Project("{FAE04EC0-301F-11D3-BF4B-00C04F79EFBC}") = "SolveConverter", "SolveConverter.csproj", "{96A3C935-9705-419D-AD6F-0603A94A3CEB}"
EndProject
Global
	GlobalSection(SolutionConfigurationPlatforms) = preSolution
		Debug|Any CPU = Debug|Any CPU
		Release|Any CPU = Release|Any CPU
	EndGlobalSection
	GlobalSection(ProjectConfigurationPlatforms) = postSolution
		{96A3C935-9705-419D-AD6F-0603A94A3CEB}.Debug|Any CPU.ActiveCfg = Debug|Any CPU
		{96A3C935-9705-419D-AD6F-0603A94A3CEB}.Debug|Any CPU.Build.0 = Debug|Any CPU
		{96A3C935-9705-419D-AD6F-0603A94A3CEB}.Release|Any CPU.ActiveCfg = Release|Any CPU
		{96A3C935-9705-419D-AD6F-0603A94A3CEB}.Release|Any CPU.Build.0 = Release|Any CPU
	EndGlobalSection
	GlobalSection(SolutionProperties) = preSolution
		HideSolutionNode = FALSE
	EndGlobalSection
	GlobalSection(ExtensibilityGlobals) = postSolution
		SolutionGuid = {8476EDEF-35CE-49DB-B00F-86C3E2511174}
	EndGlobalSection
EndGlobal
